
Microsoft Visual Studio Solution File, Format Version 12.00
# Visual Studio Version 16
VisualStudioVersion = 16.0.30413.136
MinimumVisualStudioVersion = 10.0.40219.1
Project("{FAE04EC0-301F-11D3-BF4B-00C04F79EFBC}") = "HepsiBurada.MarsRover", "HepsiBurada.MarsRover\HepsiBurada.MarsRover.csproj", "{04FF446E-1DC6-464C-A520-921E306BCCB0}"
EndProject
Global
	GlobalSection(SolutionConfigurationPlatforms) = preSolution
		Debug|Any CPU = Debug|Any CPU
		Release|Any CPU = Release|Any CPU
	EndGlobalSection
	GlobalSection(ProjectConfigurationPlatforms) = postSolution
		{04FF446E-1DC6-464C-A520-921E306BCCB0}.Debug|Any CPU.ActiveCfg = Debug|Any CPU
		{04FF446E-1DC6-464C-A520-921E306BCCB0}.Debug|Any CPU.Build.0 = Debug|Any CPU
		{04FF446E-1DC6-464C-A520-921E306BCCB0}.Release|Any CPU.ActiveCfg = Release|Any CPU
		{04FF446E-1DC6-464C-A520-921E306BCCB0}.Release|Any CPU.Build.0 = Release|Any CPU
	EndGlobalSection
	GlobalSection(SolutionProperties) = preSolution
		HideSolutionNode = FALSE
	EndGlobalSection
	GlobalSection(ExtensibilityGlobals) = postSolution
		SolutionGuid = {20BC3463-1D79-459A-93C8-47F4F9BDD552}
	EndGlobalSection
EndGlobal
